
Microsoft Visual Studio Solution File, Format Version 12.00
# Visual Studio Version 17
VisualStudioVersion = 17.0.31903.59
MinimumVisualStudioVersion = 10.0.40219.1
Project("{FAE04EC0-301F-11D3-BF4B-00C04F79EFBC}") = "backend", "backend.csproj", "{C33FBC86-A4F9-41B4-9997-1A7F8E4954FB}"
EndProject
Project("{FAE04EC0-301F-11D3-BF4B-00C04F79EFBC}") = "SpecFlowBackend", "..\SpecFlowBackend\SpecFlowBackend\SpecFlowBackend.csproj", "{95BCAD30-38B3-489C-99F8-3902DC5FDEA8}"
EndProject
Global
	GlobalSection(SolutionConfigurationPlatforms) = preSolution
		Debug|Any CPU = Debug|Any CPU
		Release|Any CPU = Release|Any CPU
	EndGlobalSection
	GlobalSection(SolutionProperties) = preSolution
		HideSolutionNode = FALSE
	EndGlobalSection
	GlobalSection(ProjectConfigurationPlatforms) = postSolution
		{C33FBC86-A4F9-41B4-9997-1A7F8E4954FB}.Debug|Any CPU.ActiveCfg = Debug|Any CPU
		{C33FBC86-A4F9-41B4-9997-1A7F8E4954FB}.Debug|Any CPU.Build.0 = Debug|Any CPU
		{C33FBC86-A4F9-41B4-9997-1A7F8E4954FB}.Release|Any CPU.ActiveCfg = Release|Any CPU
		{C33FBC86-A4F9-41B4-9997-1A7F8E4954FB}.Release|Any CPU.Build.0 = Release|Any CPU
		{95BCAD30-38B3-489C-99F8-3902DC5FDEA8}.Debug|Any CPU.ActiveCfg = Debug|Any CPU
		{95BCAD30-38B3-489C-99F8-3902DC5FDEA8}.Debug|Any CPU.Build.0 = Debug|Any CPU
		{95BCAD30-38B3-489C-99F8-3902DC5FDEA8}.Release|Any CPU.ActiveCfg = Release|Any CPU
		{95BCAD30-38B3-489C-99F8-3902DC5FDEA8}.Release|Any CPU.Build.0 = Release|Any CPU
	EndGlobalSection
EndGlobal
